
Microsoft Visual Studio Solution File, Format Version 12.00
# Visual Studio Version 17
VisualStudioVersion = 17.2.32422.2
MinimumVisualStudioVersion = 10.0.40219.1
Project("{FAE04EC0-301F-11D3-BF4B-00C04F79EFBC}") = "3ai.solutions.Hasher", "3ai.solutions.Hasher.csproj", "{EA57DA4C-1192-4C71-8443-88E228C18959}"
EndProject
Global
	GlobalSection(SolutionConfigurationPlatforms) = preSolution
		Debug|Any CPU = Debug|Any CPU
		Release|Any CPU = Release|Any CPU
	EndGlobalSection
	GlobalSection(ProjectConfigurationPlatforms) = postSolution
		{EA57DA4C-1192-4C71-8443-88E228C18959}.Debug|Any CPU.ActiveCfg = Debug|Any CPU
		{EA57DA4C-1192-4C71-8443-88E228C18959}.Debug|Any CPU.Build.0 = Debug|Any CPU
		{EA57DA4C-1192-4C71-8443-88E228C18959}.Release|Any CPU.ActiveCfg = Release|Any CPU
		{EA57DA4C-1192-4C71-8443-88E228C18959}.Release|Any CPU.Build.0 = Release|Any CPU
	EndGlobalSection
	GlobalSection(SolutionProperties) = preSolution
		HideSolutionNode = FALSE
	EndGlobalSection
	GlobalSection(ExtensibilityGlobals) = postSolution
		SolutionGuid = {7E1D9A9F-DE0F-45FC-9BEA-5C33A23EF121}
	EndGlobalSection
EndGlobal
